
Microsoft Visual Studio Solution File, Format Version 12.00
# Visual Studio Version 16
VisualStudioVersion = 16.0.31105.61
MinimumVisualStudioVersion = 10.0.40219.1
Project("{FAE04EC0-301F-11D3-BF4B-00C04F79EFBC}") = "Integra", "Integra\Integra.csproj", "{C05CC26D-2172-40D6-830D-9E200629C2A4}"
EndProject
Global
	GlobalSection(SolutionConfigurationPlatforms) = preSolution
		Debug|Any CPU = Debug|Any CPU
		Release|Any CPU = Release|Any CPU
	EndGlobalSection
	GlobalSection(ProjectConfigurationPlatforms) = postSolution
		{C05CC26D-2172-40D6-830D-9E200629C2A4}.Debug|Any CPU.ActiveCfg = Debug|Any CPU
		{C05CC26D-2172-40D6-830D-9E200629C2A4}.Debug|Any CPU.Build.0 = Debug|Any CPU
		{C05CC26D-2172-40D6-830D-9E200629C2A4}.Release|Any CPU.ActiveCfg = Release|Any CPU
		{C05CC26D-2172-40D6-830D-9E200629C2A4}.Release|Any CPU.Build.0 = Release|Any CPU
	EndGlobalSection
	GlobalSection(SolutionProperties) = preSolution
		HideSolutionNode = FALSE
	EndGlobalSection
	GlobalSection(ExtensibilityGlobals) = postSolution
		SolutionGuid = {33315D79-C6B1-4D30-B2E3-7E2B2C5E44A9}
	EndGlobalSection
EndGlobal
